Microsoft Visual Studio Solution File, Format Version 12.00
# Visual Studio Version 17
VisualStudioVersion = 17.5.2.0
MinimumVisualStudioVersion = 10.0.40219.1
Project("{FAE04EC0-301F-11D3-BF4B-00C04F79EFBC}") = "MyInventory2026", "MyInventory2026.csproj", "{5253E3EF-560D-9AF2-2C99-294066069E7B}"
EndProject
Global
	GlobalSection(SolutionConfigurationPlatforms) = preSolution
		Debug|Any CPU = Debug|Any CPU
		Release|Any CPU = Release|Any CPU
	EndGlobalSection
	GlobalSection(ProjectConfigurationPlatforms) = postSolution
		{5253E3EF-560D-9AF2-2C99-294066069E7B}.Debug|Any CPU.ActiveCfg = Debug|Any CPU
		{5253E3EF-560D-9AF2-2C99-294066069E7B}.Debug|Any CPU.Build.0 = Debug|Any CPU
		{5253E3EF-560D-9AF2-2C99-294066069E7B}.Release|Any CPU.ActiveCfg = Release|Any CPU
		{5253E3EF-560D-9AF2-2C99-294066069E7B}.Release|Any CPU.Build.0 = Release|Any CPU
	EndGlobalSection
	GlobalSection(SolutionProperties) = preSolution
		HideSolutionNode = FALSE
	EndGlobalSection
	GlobalSection(ExtensibilityGlobals) = postSolution
		SolutionGuid = {52314206-7C1F-4AF8-B33B-998CD5F83AEB}
	EndGlobalSection
EndGlobal
